
Microsoft Visual Studio Solution File, Format Version 12.00
# Visual Studio Version 16
VisualStudioVersion = 16.0.30907.101
MinimumVisualStudioVersion = 10.0.40219.1
Project("{FAE04EC0-301F-11D3-BF4B-00C04F79EFBC}") = "WebMonitoring", "WebMonitoring\WebMonitoring.csproj", "{0EFD4C8A-B0C2-4817-A804-866025DFADA2}"
EndProject
Global
	GlobalSection(SolutionConfigurationPlatforms) = preSolution
		Debug|Any CPU = Debug|Any CPU
		Release|Any CPU = Release|Any CPU
	EndGlobalSection
	GlobalSection(ProjectConfigurationPlatforms) = postSolution
		{0EFD4C8A-B0C2-4817-A804-866025DFADA2}.Debug|Any CPU.ActiveCfg = Debug|Any CPU
		{0EFD4C8A-B0C2-4817-A804-866025DFADA2}.Debug|Any CPU.Build.0 = Debug|Any CPU
		{0EFD4C8A-B0C2-4817-A804-866025DFADA2}.Release|Any CPU.ActiveCfg = Release|Any CPU
		{0EFD4C8A-B0C2-4817-A804-866025DFADA2}.Release|Any CPU.Build.0 = Release|Any CPU
	EndGlobalSection
	GlobalSection(SolutionProperties) = preSolution
		HideSolutionNode = FALSE
	EndGlobalSection
	GlobalSection(ExtensibilityGlobals) = postSolution
		SolutionGuid = {CD6A1036-A017-4F9A-A404-EFD6403663C7}
	EndGlobalSection
EndGlobal
